// !$*UTF8*$!
{
	archiveVersion = 1;
	classes = {
	};
	objectVersion = 48;
	objects = {

/* Begin PBXBuildFile section */
		30B8B6D52041DE76006E3BF8 /* AppDelegate.swift in Sources */ = {isa = PBXBuildFile; fileRef = 30B8B6D42041DE76006E3BF8 /* AppDelegate.swift */; };
		30B8B6D72041DE76006E3BF8 /* ViewController.swift in Sources */ = {isa = PBXBuildFile; fileRef = 30B8B6D62041DE76006E3BF8 /* ViewController.swift */; };
		30B8B6DA2041DE76006E3BF8 /* Main.storyboard in Resources */ = {isa = PBXBuildFile; fileRef = 30B8B6D82041DE76006E3BF8 /* Main.storyboard */; };
		30B8B6DD2041DE76006E3BF8 /* MergingLab_Marcus.xcdatamodeld in Sources */ = {isa = PBXBuildFile; fileRef = 30B8B6DB2041DE76006E3BF8 /* MergingLab_Marcus.xcdatamodeld */; };
		30B8B6DF2041DE76006E3BF8 /* Assets.xcassets in Resources */ = {isa = PBXBuildFile; fileRef = 30B8B6DE2041DE76006E3BF8 /* Assets.xcassets */; };
		30B8B6E22041DE76006E3BF8 /* LaunchScreen.storyboard in Resources */ = {isa = PBXBuildFile; fileRef = 30B8B6E02041DE76006E3BF8 /* LaunchScreen.storyboard */; };
		30B8B6ED2041DE76006E3BF8 /* MergingLab_MarcusTests.swift in Sources */ = {isa = PBXBuildFile; fileRef = 30B8B6EC2041DE76006E3BF8 /* MergingLab_MarcusTests.swift */; };
		30B8B6F82041DE76006E3BF8 /* MergingLab_MarcusUITests.swift in Sources */ = {isa = PBXBuildFile; fileRef = 30B8B6F72041DE76006E3BF8 /* MergingLab_MarcusUITests.swift */; };
/* End PBXBuildFile section */

/* Begin PBXContainerItemProxy section */
		30B8B6E92041DE76006E3BF8 /* PBXContainerItemProxy */ = {
			isa = PBXContainerItemProxy;
			containerPortal = 30B8B6C92041DE76006E3BF8 /* Project object */;
			proxyType = 1;
			remoteGlobalIDString = 30B8B6D02041DE76006E3BF8;
			remoteInfo = MergingLab.Marcus;
		};
		30B8B6F42041DE76006E3BF8 /* PBXContainerItemProxy */ = {
			isa = PBXContainerItemProxy;
			containerPortal = 30B8B6C92041DE76006E3BF8 /* Project object */;
			proxyType = 1;
			remoteGlobalIDString = 30B8B6D02041DE76006E3BF8;
			remoteInfo = MergingLab.Marcus;
		};
/* End PBXContainerItemProxy section */

/* Begin PBXFileReference section */
		30B8B6D12041DE76006E3BF8 /* MergingLab.Marcus.app */ = {isa = PBXFileReference; explicitFileType = wrapper.application; includeInIndex = 0; path = MergingLab.Marcus.app; sourceTree = BUILT_PRODUCTS_DIR; };
		30B8B6D42041DE76006E3BF8 /* AppDelegate.swift */ = {isa = PBXFileReference; lastKnownFileType = sourcecode.swift; path = AppDelegate.swift; sourceTree = "<group>"; };
		30B8B6D62041DE76006E3BF8 /* ViewController.swift */ = {isa = PBXFileReference; lastKnownFileType = sourcecode.swift; path = ViewController.swift; sourceTree = "<group>"; };
		30B8B6D92041DE76006E3BF8 /* Base */ = {isa = PBXFileReference; lastKnownFileType = file.storyboard; name = Base; path = Base.lproj/Main.storyboard; sourceTree = "<group>"; };
		30B8B6DC2041DE76006E3BF8 /* MergingLab_Marcus.xcdatamodel */ = {isa = PBXFileReference; lastKnownFileType = wrapper.xcdatamodel; path = MergingLab_Marcus.xcdatamodel; sourceTree = "<group>"; };
		30B8B6DE2041DE76006E3BF8 /* Assets.xcassets */ = {isa = PBXFileReference; lastKnownFileType = folder.assetcatalog; path = Assets.xcassets; sourceTree = "<group>"; };
		30B8B6E12041DE76006E3BF8 /* Base */ = {isa = PBXFileReference; lastKnownFileType = file.storyboard; name = Base; path = Base.lproj/LaunchScreen.storyboard; sourceTree = "<group>"; };
		30B8B6E32041DE76006E3BF8 /* Info.plist */ = {isa = PBXFileReference; lastKnownFileType = text.plist.xml; path = Info.plist; sourceTree = "<group>"; };
		30B8B6E82041DE76006E3BF8 /* MergingLab.MarcusTests.xctest */ = {isa = PBXFileReference; explicitFileType = wrapper.cfbundle; includeInIndex = 0; path = MergingLab.MarcusTests.xctest; sourceTree = BUILT_PRODUCTS_DIR; };
		30B8B6EC2041DE76006E3BF8 /* MergingLab_MarcusTests.swift */ = {isa = PBXFileReference; lastKnownFileType = sourcecode.swift; path = MergingLab_MarcusTests.swift; sourceTree = "<group>"; };
		30B8B6EE2041DE76006E3BF8 /* Info.plist */ = {isa = PBXFileReference; lastKnownFileType = text.plist.xml; path = Info.plist; sourceTree = "<group>"; };
		30B8B6F32041DE76006E3BF8 /* MergingLab.MarcusUITests.xctest */ = {isa = PBXFileReference; explicitFileType = wrapper.cfbundle; includeInIndex = 0; path = MergingLab.MarcusUITests.xctest; sourceTree = BUILT_PRODUCTS_DIR; };
		30B8B6F72041DE76006E3BF8 /* MergingLab_MarcusUITests.swift */ = {isa = PBXFileReference; lastKnownFileType = sourcecode.swift; path = MergingLab_MarcusUITests.swift; sourceTree = "<group>"; };
		30B8B6F92041DE76006E3BF8 /* Info.plist */ = {isa = PBXFileReference; lastKnownFileType = text.plist.xml; path = Info.plist; sourceTree = "<group>"; };
/* End PBXFileReference section */

/* Begin PBXFrameworksBuildPhase section */
		30B8B6CE2041DE76006E3BF8 /* Frameworks */ = {
			isa = PBXFrameworksBuildPhase;
			buildActionMask = 2147483647;
			files = (
			);
			runOnlyForDeploymentPostprocessing = 0;
		};
		30B8B6E52041DE76006E3BF8 /* Frameworks */ = {
			isa = PBXFrameworksBuildPhase;
			buildActionMask = 2147483647;
			files = (
			);
			runOnlyForDeploymentPostprocessing = 0;
		};
		30B8B6F02041DE76006E3BF8 /* Frameworks */ = {
			isa = PBXFrameworksBuildPhase;
			buildActionMask = 2147483647;
			files = (
			);
			runOnlyForDeploymentPostprocessing = 0;
		};
/* End PBXFrameworksBuildPhase section */

/* Begin PBXGroup section */
		30B8B6C82041DE76006E3BF8 = {
			isa = PBXGroup;
			children = (
				30B8B6D32041DE76006E3BF8 /* MergingLab.Marcus */,
				30B8B6EB2041DE76006E3BF8 /* MergingLab.MarcusTests */,
				30B8B6F62041DE76006E3BF8 /* MergingLab.MarcusUITests */,
				30B8B6D22041DE76006E3BF8 /* Products */,
			);
			sourceTree = "<group>";
		};
		30B8B6D22041DE76006E3BF8 /* Products */ = {
			isa = PBXGroup;
			children = (
				30B8B6D12041DE76006E3BF8 /* MergingLab.Marcus.app */,
				30B8B6E82041DE76006E3BF8 /* MergingLab.MarcusTests.xctest */,
				30B8B6F32041DE76006E3BF8 /* MergingLab.MarcusUITests.xctest */,
			);
			name = Products;
			sourceTree = "<group>";
		};
		30B8B6D32041DE76006E3BF8 /* MergingLab.Marcus */ = {
			isa = PBXGroup;
			children = (
				30B8B6D42041DE76006E3BF8 /* AppDelegate.swift */,
				30B8B6D62041DE76006E3BF8 /* ViewController.swift */,
				30B8B6D82041DE76006E3BF8 /* Main.storyboard */,
				30B8B6DE2041DE76006E3BF8 /* Assets.xcassets */,
				30B8B6E02041DE76006E3BF8 /* LaunchScreen.storyboard */,
				30B8B6E32041DE76006E3BF8 /* Info.plist */,
				30B8B6DB2041DE76006E3BF8 /* MergingLab_Marcus.xcdatamodeld */,
			);
			path = MergingLab.Marcus;
			sourceTree = "<group>";
		};
		30B8B6EB2041DE76006E3BF8 /* MergingLab.MarcusTests */ = {
			isa = PBXGroup;
			children = (
				30B8B6EC2041DE76006E3BF8 /* MergingLab_MarcusTests.swift */,
				30B8B6EE2041DE76006E3BF8 /* Info.plist */,
			);
			path = MergingLab.MarcusTests;
			sourceTree = "<group>";
		};
		30B8B6F62041DE76006E3BF8 /* MergingLab.MarcusUITests */ = {
			isa = PBXGroup;
			children = (
				30B8B6F72041DE76006E3BF8 /* MergingLab_MarcusUITests.swift */,
				30B8B6F92041DE76006E3BF8 /* Info.plist */,
			);
			path = MergingLab.MarcusUITests;
			sourceTree = "<group>";
		};
/* End PBXGroup section */

/* Begin PBXNativeTarget section */
		30B8B6D02041DE76006E3BF8 /* MergingLab.Marcus */ = {
			isa = PBXNativeTarget;
			buildConfigurationList = 30B8B6FC2041DE76006E3BF8 /* Build configuration list for PBXNativeTarget "MergingLab.Marcus" */;
			buildPhases = (
				30B8B6CD2041DE76006E3BF8 /* Sources */,
				30B8B6CE2041DE76006E3BF8 /* Frameworks */,
				30B8B6CF2041DE76006E3BF8 /* Resources */,
			);
			buildRules = (
			);
			dependencies = (
			);
			name = MergingLab.Marcus;
			productName = MergingLab.Marcus;
			productReference = 30B8B6D12041DE76006E3BF8 /* MergingLab.Marcus.app */;
			productType = "com.apple.product-type.application";
		};
		30B8B6E72041DE76006E3BF8 /* MergingLab.MarcusTests */ = {
			isa = PBXNativeTarget;
			buildConfigurationList = 30B8B6FF2041DE76006E3BF8 /* Build configuration list for PBXNativeTarget "MergingLab.MarcusTests" */;
			buildPhases = (
				30B8B6E42041DE76006E3BF8 /* Sources */,
				30B8B6E52041DE76006E3BF8 /* Frameworks */,
				30B8B6E62041DE76006E3BF8 /* Resources */,
			);
			buildRules = (
			);
			dependencies = (
				30B8B6EA2041DE76006E3BF8 /* PBXTargetDependency */,
			);
			name = MergingLab.MarcusTests;
			productName = MergingLab.MarcusTests;
			productReference = 30B8B6E82041DE76006E3BF8 /* MergingLab.MarcusTests.xctest */;
			productType = "com.apple.product-type.bundle.unit-test";
		};
		30B8B6F22041DE76006E3BF8 /* MergingLab.MarcusUITests */ = {
			isa = PBXNativeTarget;
			buildConfigurationList = 30B8B7022041DE76006E3BF8 /* Build configuration list for PBXNativeTarget "MergingLab.MarcusUITests" */;
			buildPhases = (
				30B8B6EF2041DE76006E3BF8 /* Sources */,
				30B8B6F02041DE76006E3BF8 /* Frameworks */,
				30B8B6F12041DE76006E3BF8 /* Resources */,
			);
			buildRules = (
			);
			dependencies = (
				30B8B6F52041DE76006E3BF8 /* PBXTargetDependency */,
			);
			name = MergingLab.MarcusUITests;
			productName = MergingLab.MarcusUITests;
			productReference = 30B8B6F32041DE76006E3BF8 /* MergingLab.MarcusUITests.xctest */;
			productType = "com.apple.product-type.bundle.ui-testing";
		};
/* End PBXNativeTarget section */

/* Begin PBXProject section */
		30B8B6C92041DE76006E3BF8 /* Project object */ = {
			isa = PBXProject;
			attributes = {
				LastSwiftUpdateCheck = 0920;
				LastUpgradeCheck = 0920;
				ORGANIZATIONNAME = "Marcus V. Ferraz";
				TargetAttributes = {
					30B8B6D02041DE76006E3BF8 = {
						CreatedOnToolsVersion = 9.2;
						ProvisioningStyle = Automatic;
					};
					30B8B6E72041DE76006E3BF8 = {
						CreatedOnToolsVersion = 9.2;
						ProvisioningStyle = Automatic;
						TestTargetID = 30B8B6D02041DE76006E3BF8;
					};
					30B8B6F22041DE76006E3BF8 = {
						CreatedOnToolsVersion = 9.2;
						ProvisioningStyle = Automatic;
						TestTargetID = 30B8B6D02041DE76006E3BF8;
					};
				};
			};
			buildConfigurationList = 30B8B6CC2041DE76006E3BF8 /* Build configuration list for PBXProject "MergingLab.Marcus" */;
			compatibilityVersion = "Xcode 8.0";
			developmentRegion = en;
			hasScannedForEncodings = 0;
			knownRegions = (
				en,
				Base,
			);
			mainGroup = 30B8B6C82041DE76006E3BF8;
			productRefGroup = 30B8B6D22041DE76006E3BF8 /* Products */;
			projectDirPath = "";
			projectRoot = "";
			targets = (
				30B8B6D02041DE76006E3BF8 /* MergingLab.Marcus */,
				30B8B6E72041DE76006E3BF8 /* MergingLab.MarcusTests */,
				30B8B6F22041DE76006E3BF8 /* MergingLab.MarcusUITests */,
			);
		};
/* End PBXProject section */

/* Begin PBXResourcesBuildPhase section */
		30B8B6CF2041DE76006E3BF8 /* Resources */ = {
			isa = PBXResourcesBuildPhase;
			buildActionMask = 2147483647;
			files = (
				30B8B6E22041DE76006E3BF8 /* LaunchScreen.storyboard in Resources */,
				30B8B6DF2041DE76006E3BF8 /* Assets.xcassets in Resources */,
				30B8B6DA2041DE76006E3BF8 /* Main.storyboard in Resources */,
			);
			runOnlyForDeploymentPostprocessing = 0;
		};
		30B8B6E62041DE76006E3BF8 /* Resources */ = {
			isa = PBXResourcesBuildPhase;
			buildActionMask = 2147483647;
			files = (
			);
			runOnlyForDeploymentPostprocessing = 0;
		};
		30B8B6F12041DE76006E3BF8 /* Resources */ = {
			isa = PBXResourcesBuildPhase;
			buildActionMask = 2147483647;
			files = (
			);
			runOnlyForDeploymentPostprocessing = 0;
		};
/* End PBXResourcesBuildPhase section */

/* Begin PBXSourcesBuildPhase section */
		30B8B6CD2041DE76006E3BF8 /* Sources */ = {
			isa = PBXSourcesBuildPhase;
			buildActionMask = 2147483647;
			files = (
				30B8B6DD2041DE76006E3BF8 /* MergingLab_Marcus.xcdatamodeld in Sources */,
				30B8B6D72041DE76006E3BF8 /* ViewController.swift in Sources */,
				30B8B6D52041DE76006E3BF8 /* AppDelegate.swift in Sources */,
			);
			runOnlyForDeploymentPostprocessing = 0;
		};
		30B8B6E42041DE76006E3BF8 /* Sources */ = {
			isa = PBXSourcesBuildPhase;
			buildActionMask = 2147483647;
			files = (
				30B8B6ED2041DE76006E3BF8 /* MergingLab_MarcusTests.swift in Sources */,
			);
			runOnlyForDeploymentPostprocessing = 0;
		};
		30B8B6EF2041DE76006E3BF8 /* Sources */ = {
			isa = PBXSourcesBuildPhase;
			buildActionMask = 2147483647;
			files = (
				30B8B6F82041DE76006E3BF8 /* MergingLab_MarcusUITests.swift in Sources */,
			);
			runOnlyForDeploymentPostprocessing = 0;
		};
/* End PBXSourcesBuildPhase section */

/* Begin PBXTargetDependency section */
		30B8B6EA2041DE76006E3BF8 /* PBXTargetDependency */ = {
			isa = PBXTargetDependency;
			target = 30B8B6D02041DE76006E3BF8 /* MergingLab.Marcus */;
			targetProxy = 30B8B6E92041DE76006E3BF8 /* PBXContainerItemProxy */;
		};
		30B8B6F52041DE76006E3BF8 /* PBXTargetDependency */ = {
			isa = PBXTargetDependency;
			target = 30B8B6D02041DE76006E3BF8 /* MergingLab.Marcus */;
			targetProxy = 30B8B6F42041DE76006E3BF8 /* PBXContainerItemProxy */;
		};
/* End PBXTargetDependency section */

/* Begin PBXVariantGroup section */
		30B8B6D82041DE76006E3BF8 /* Main.storyboard */ = {
			isa = PBXVariantGroup;
			children = (
				30B8B6D92041DE76006E3BF8 /* Base */,
			);
			name = Main.storyboard;
			sourceTree = "<group>";
		};
		30B8B6E02041DE76006E3BF8 /* LaunchScreen.storyboard */ = {
			isa = PBXVariantGroup;
			children = (
				30B8B6E12041DE76006E3BF8 /* Base */,
			);
			name = LaunchScreen.storyboard;
			sourceTree = "<group>";
		};
/* End PBXVariantGroup section */

/* Begin XCBuildConfiguration section */
		30B8B6FA2041DE76006E3BF8 /* Debug */ = {
			isa = XCBuildConfiguration;
			buildSettings = {
				ALWAYS_SEARCH_USER_PATHS = NO;
				CLANG_ANALYZER_NONNULL = YES;
				CLANG_ANALYZER_NUMBER_OBJECT_CONVERSION = YES_AGGRESSIVE;
				CLANG_CXX_LANGUAGE_STANDARD = "gnu++14";
				CLANG_CXX_LIBRARY = "libc++";
				CLANG_ENABLE_MODULES = YES;
				CLANG_ENABLE_OBJC_ARC = YES;
				CLANG_WARN_BLOCK_CAPTURE_AUTORELEASING = YES;
				CLANG_WARN_BOOL_CONVERSION = YES;
				CLANG_WARN_COMMA = YES;
				CLANG_WARN_CONSTANT_CONVERSION = YES;
				CLANG_WARN_DIRECT_OBJC_ISA_USAGE = YES_ERROR;
				CLANG_WARN_DOCUMENTATION_COMMENTS = YES;
				CLANG_WARN_EMPTY_BODY = YES;
				CLANG_WARN_ENUM_CONVERSION = YES;
				CLANG_WARN_INFINITE_RECURSION = YES;
				CLANG_WARN_INT_CONVERSION = YES;
				CLANG_WARN_NON_LITERAL_NULL_CONVERSION = YES;
				CLANG_WARN_OBJC_LITERAL_CONVERSION = YES;
				CLANG_WARN_OBJC_ROOT_CLASS = YES_ERROR;
				CLANG_WARN_RANGE_LOOP_ANALYSIS = YES;
				CLANG_WARN_STRICT_PROTOTYPES = YES;
				CLANG_WARN_SUSPICIOUS_MOVE = YES;
				CLANG_WARN_UNGUARDED_AVAILABILITY = YES_AGGRESSIVE;
				CLANG_WARN_UNREACHABLE_CODE = YES;
				CLANG_WARN__DUPLICATE_METHOD_MATCH = YES;
				CODE_SIGN_IDENTITY = "iPhone Developer";
				COPY_PHASE_STRIP = NO;
				DEBUG_INFORMATION_FORMAT = dwarf;
				ENABLE_STRICT_OBJC_MSGSEND = YES;
				ENABLE_TESTABILITY = YES;
				GCC_C_LANGUAGE_STANDARD = gnu11;
				GCC_DYNAMIC_NO_PIC = NO;
				GCC_NO_COMMON_BLOCKS = YES;
				GCC_OPTIMIZATION_LEVEL = 0;
				GCC_PREPROCESSOR_DEFINITIONS = (
					"DEBUG=1",
					"$(inherited)",
				);
				GCC_WARN_64_TO_32_BIT_CONVERSION = YES;
				GCC_WARN_ABOUT_RETURN_TYPE = YES_ERROR;
				GCC_WARN_UNDECLARED_SELECTOR = YES;
				GCC_WARN_UNINITIALIZED_AUTOS = YES_AGGRESSIVE;
				GCC_WARN_UNUSED_FUNCTION = YES;
				GCC_WARN_UNUSED_VARIABLE = YES;
				IPHONEOS_DEPLOYMENT_TARGET = 11.2;
				MTL_ENABLE_DEBUG_INFO = YES;
				ONLY_ACTIVE_ARCH = YES;
				SDKROOT = iphoneos;
				SWIFT_ACTIVE_COMPILATION_CONDITIONS = DEBUG;
				SWIFT_OPTIMIZATION_LEVEL = "-Onone";
			};
			name = Debug;
		};
		30B8B6FB2041DE76006E3BF8 /* Release */ = {
			isa = XCBuildConfiguration;
			buildSettings = {
				ALWAYS_SEARCH_USER_PATHS = NO;
				CLANG_ANALYZER_NONNULL = YES;
				CLANG_ANALYZER_NUMBER_OBJECT_CONVERSION = YES_AGGRESSIVE;
				CLANG_CXX_LANGUAGE_STANDARD = "gnu++14";
				CLANG_CXX_LIBRARY = "libc++";
				CLANG_ENABLE_MODULES = YES;
				CLANG_ENABLE_OBJC_ARC = YES;
				CLANG_WARN_BLOCK_CAPTURE_AUTORELEASING = YES;
				CLANG_WARN_BOOL_CONVERSION = YES;
				CLANG_WARN_COMMA = YES;
				CLANG_WARN_CONSTANT_CONVERSION = YES;
				CLANG_WARN_DIRECT_OBJC_ISA_USAGE = YES_ERROR;
				CLANG_WARN_DOCUMENTATION_COMMENTS = YES;
				CLANG_WARN_EMPTY_BODY = YES;
				CLANG_WARN_ENUM_CONVERSION = YES;
				CLANG_WARN_INFINITE_RECURSION = YES;
				CLANG_WARN_INT_CONVERSION = YES;
				CLANG_WARN_NON_LITERAL_NULL_CONVERSION = YES;
				CLANG_WARN_OBJC_LITERAL_CONVERSION = YES;
				CLANG_WARN_OBJC_ROOT_CLASS = YES_ERROR;
				CLANG_WARN_RANGE_LOOP_ANALYSIS = YES;
				CLANG_WARN_STRICT_PROTOTYPES = YES;
				CLANG_WARN_SUSPICIOUS_MOVE = YES;
				CLANG_WARN_UNGUARDED_AVAILABILITY = YES_AGGRESSIVE;
				CLANG_WARN_UNREACHABLE_CODE = YES;
				CLANG_WARN__DUPLICATE_METHOD_MATCH = YES;
				CODE_SIGN_IDENTITY = "iPhone Developer";
				COPY_PHASE_STRIP = NO;
				DEBUG_INFORMATION_FORMAT = "dwarf-with-dsym";
				ENABLE_NS_ASSERTIONS = NO;
				ENABLE_STRICT_OBJC_MSGSEND = YES;
				GCC_C_LANGUAGE_STANDARD = gnu11;
				GCC_NO_COMMON_BLOCKS = YES;
				GCC_WARN_64_TO_32_BIT_CONVERSION = YES;
				GCC_WARN_ABOUT_RETURN_TYPE = YES_ERROR;
				GCC_WARN_UNDECLARED_SELECTOR = YES;
				GCC_WARN_UNINITIALIZED_AUTOS = YES_AGGRESSIVE;
				GCC_WARN_UNUSED_FUNCTION = YES;
				GCC_WARN_UNUSED_VARIABLE = YES;
				IPHONEOS_DEPLOYMENT_TARGET = 11.2;
				MTL_ENABLE_DEBUG_INFO = NO;
				SDKROOT = iphoneos;
				SWIFT_OPTIMIZATION_LEVEL = "-Owholemodule";
				VALIDATE_PRODUCT = YES;
			};
			name = Release;
		};
		30B8B6FD2041DE76006E3BF8 /* Debug */ = {
			isa = XCBuildConfiguration;
			buildSettings = {
				ASSETCATALOG_COMPILER_APPICON_NAME = AppIcon;
				CODE_SIGN_STYLE = Automatic;
				DEVELOPMENT_TEAM = 28PU95LLJH;
				INFOPLIST_FILE = MergingLab.Marcus/Info.plist;
				LD_RUNPATH_SEARCH_PATHS = "$(inherited) @executable_path/Frameworks";
				PRODUCT_BUNDLE_IDENTIFIER = "Test.MergingLab-Marcus";
				PRODUCT_NAME = "$(TARGET_NAME)";
				SWIFT_VERSION = 4.0;
				TARGETED_DEVICE_FAMILY = "1,2";
			};
			name = Debug;
		};
		30B8B6FE2041DE76006E3BF8 /* Release */ = {
			isa = XCBuildConfiguration;
			buildSettings = {
				ASSETCATALOG_COMPILER_APPICON_NAME = AppIcon;
				CODE_SIGN_STYLE = Automatic;
				DEVELOPMENT_TEAM = 28PU95LLJH;
				INFOPLIST_FILE = MergingLab.Marcus/Info.plist;
				LD_RUNPATH_SEARCH_PATHS = "$(inherited) @executable_path/Frameworks";
				PRODUCT_BUNDLE_IDENTIFIER = "Test.MergingLab-Marcus";
				PRODUCT_NAME = "$(TARGET_NAME)";
				SWIFT_VERSION = 4.0;
				TARGETED_DEVICE_FAMILY = "1,2";
			};
			name = Release;
		};
		30B8B7002041DE76006E3BF8 /* Debug */ = {
			isa = XCBuildConfiguration;
			buildSettings = {
				ALWAYS_EMBED_SWIFT_STANDARD_LIBRARIES = YES;
				BUNDLE_LOADER = "$(TEST_HOST)";
				CODE_SIGN_STYLE = Automatic;
				DEVELOPMENT_TEAM = 28PU95LLJH;
				INFOPLIST_FILE = MergingLab.MarcusTests/Info.plist;
				LD_RUNPATH_SEARCH_PATHS = "$(inherited) @executable_path/Frameworks @loader_path/Frameworks";
				PRODUCT_BUNDLE_IDENTIFIER = "Test.MergingLab-MarcusTests";
				PRODUCT_NAME = "$(TARGET_NAME)";
				SWIFT_VERSION = 4.0;
				TARGETED_DEVICE_FAMILY = "1,2";
				TEST_HOST = "$(BUILT_PRODUCTS_DIR)/MergingLab.Marcus.app/MergingLab.Marcus";
			};
			name = Debug;
		};
		30B8B7012041DE76006E3BF8 /* Release */ = {
			isa = XCBuildConfiguration;
			buildSettings = {
				ALWAYS_EMBED_SWIFT_STANDARD_LIBRARIES = YES;
				BUNDLE_LOADER = "$(TEST_HOST)";
				CODE_SIGN_STYLE = Automatic;
				DEVELOPMENT_TEAM = 28PU95LLJH;
				INFOPLIST_FILE = MergingLab.MarcusTests/Info.plist;
				LD_RUNPATH_SEARCH_PATHS = "$(inherited) @executable_path/Frameworks @loader_path/Frameworks";
				PRODUCT_BUNDLE_IDENTIFIER = "Test.MergingLab-MarcusTests";
				PRODUCT_NAME = "$(TARGET_NAME)";
				SWIFT_VERSION = 4.0;
				TARGETED_DEVICE_FAMILY = "1,2";
				TEST_HOST = "$(BUILT_PRODUCTS_DIR)/MergingLab.Marcus.app/MergingLab.Marcus";
			};
			name = Release;
		};
		30B8B7032041DE76006E3BF8 /* Debug */ = {
			isa = XCBuildConfiguration;
			buildSettings = {
				ALWAYS_EMBED_SWIFT_STANDARD_LIBRARIES = YES;
				CODE_SIGN_STYLE = Automatic;
				DEVELOPMENT_TEAM = 28PU95LLJH;
				INFOPLIST_FILE = MergingLab.MarcusUITests/Info.plist;
				LD_RUNPATH_SEARCH_PATHS = "$(inherited) @executable_path/Frameworks @loader_path/Frameworks";
				PRODUCT_BUNDLE_IDENTIFIER = "Test.MergingLab-MarcusUITests";
				PRODUCT_NAME = "$(TARGET_NAME)";
				SWIFT_VERSION = 4.0;
				TARGETED_DEVICE_FAMILY = "1,2";
				TEST_TARGET_NAME = MergingLab.Marcus;
			};
			name = Debug;
		};
		30B8B7042041DE76006E3BF8 /* Release */ = {
			isa = XCBuildConfiguration;
			buildSettings = {
				ALWAYS_EMBED_SWIFT_STANDARD_LIBRARIES = YES;
				CODE_SIGN_STYLE = Automatic;
				DEVELOPMENT_TEAM = 28PU95LLJH;
				INFOPLIST_FILE = MergingLab.MarcusUITests/Info.plist;
				LD_RUNPATH_SEARCH_PATHS = "$(inherited) @executable_path/Frameworks @loader_path/Frameworks";
				PRODUCT_BUNDLE_IDENTIFIER = "Test.MergingLab-MarcusUITests";
				PRODUCT_NAME = "$(TARGET_NAME)";
				SWIFT_VERSION = 4.0;
				TARGETED_DEVICE_FAMILY = "1,2";
				TEST_TARGET_NAME = MergingLab.Marcus;
			};
			name = Release;
		};
/* End XCBuildConfiguration section */

/* Begin XCConfigurationList section */
		30B8B6CC2041DE76006E3BF8 /* Build configuration list for PBXProject "MergingLab.Marcus" */ = {
			isa = XCConfigurationList;
			buildConfigurations = (
				30B8B6FA2041DE76006E3BF8 /* Debug */,
				30B8B6FB2041DE76006E3BF8 /* Release */,
			);
			defaultConfigurationIsVisible = 0;
			defaultConfigurationName = Release;
		};
		30B8B6FC2041DE76006E3BF8 /* Build configuration list for PBXNativeTarget "MergingLab.Marcus" */ = {
			isa = XCConfigurationList;
			buildConfigurations = (
				30B8B6FD2041DE76006E3BF8 /* Debug */,
				30B8B6FE2041DE76006E3BF8 /* Release */,
			);
			defaultConfigurationIsVisible = 0;
			defaultConfigurationName = Release;
		};
		30B8B6FF2041DE76006E3BF8 /* Build configuration list for PBXNativeTarget "MergingLab.MarcusTests" */ = {
			isa = XCConfigurationList;
			buildConfigurations = (
				30B8B7002041DE76006E3BF8 /* Debug */,
				30B8B7012041DE76006E3BF8 /* Release */,
			);
			defaultConfigurationIsVisible = 0;
			defaultConfigurationName = Release;
		};
		30B8B7022041DE76006E3BF8 /* Build configuration list for PBXNativeTarget "MergingLab.MarcusUITests" */ = {
			isa = XCConfigurationList;
			buildConfigurations = (
				30B8B7032041DE76006E3BF8 /* Debug */,
				30B8B7042041DE76006E3BF8 /* Release */,
			);
			defaultConfigurationIsVisible = 0;
			defaultConfigurationName = Release;
		};
/* End XCConfigurationList section */

/* Begin XCVersionGroup section */
		30B8B6DB2041DE76006E3BF8 /* MergingLab_Marcus.xcdatamodeld */ = {
			isa = XCVersionGroup;
			children = (
				30B8B6DC2041DE76006E3BF8 /* MergingLab_Marcus.xcdatamodel */,
			);
			currentVersion = 30B8B6DC2041DE76006E3BF8 /* MergingLab_Marcus.xcdatamodel */;
			path = MergingLab_Marcus.xcdatamodeld;
			sourceTree = "<group>";
			versionGroupType = wrapper.xcdatamodel;
		};
/* End XCVersionGroup section */
	};
	rootObject = 30B8B6C92041DE76006E3BF8 /* Project object */;
}
